
Microsoft Visual Studio Solution File, Format Version 12.00
# Visual Studio Version 17
VisualStudioVersion = 17.13.35825.156
MinimumVisualStudioVersion = 10.0.40219.1
Project("{2150E333-8FDC-42A3-9474-1A3956D46DE8}") = "src", "src", "{02EA681E-C7D8-13C7-8484-4AC65E1B71E8}"
EndProject
Project("{2150E333-8FDC-42A3-9474-1A3956D46DE8}") = "test", "test", "{AEA1E2C6-EF7C-40F2-BBC3-BE311D1D3154}"
EndProject
Project("{2150E333-8FDC-42A3-9474-1A3956D46DE8}") = "Core", "Core", "{688E8AA2-A970-457F-91D7-78E81F79D936}"
EndProject
Project("{2150E333-8FDC-42A3-9474-1A3956D46DE8}") = "Infrastructure", "Infrastructure", "{A7FC9A09-C933-4E22-A310-60FEFB16D24D}"
EndProject
Project("{2150E333-8FDC-42A3-9474-1A3956D46DE8}") = "API", "API", "{A6B4F778-F1FD-4F62-A794-F658CE074D40}"
EndProject
Project("{FAE04EC0-301F-11D3-BF4B-00C04F79EFBC}") = "Glowee.Domain", "Glowee.Domain\Glowee.Domain.csproj", "{27CF80CF-52BC-4D8C-A053-747BD8CD3FC2}"
EndProject
Project("{FAE04EC0-301F-11D3-BF4B-00C04F79EFBC}") = "Glowee.Application", "Glowee.Application\Glowee.Application.csproj", "{BA4ACA7B-0FC8-4B0E-8E09-6FE40E265C51}"
EndProject
Project("{FAE04EC0-301F-11D3-BF4B-00C04F79EFBC}") = "Glowee.Infrastructure", "Glowee.Infrastructure\Glowee.Infrastructure.csproj", "{48E1ED5C-590B-422E-9C2F-B572F7E658AA}"
EndProject
Project("{FAE04EC0-301F-11D3-BF4B-00C04F79EFBC}") = "Glowee.Persistence", "Glowee.Persistence\Glowee.Persistence.csproj", "{5BCF4B29-B74E-466C-941C-36FC13FA535D}"
EndProject
Project("{FAE04EC0-301F-11D3-BF4B-00C04F79EFBC}") = "Glowee.Api", "Glowee.Api\Glowee.Api.csproj", "{F4C8BCAF-4466-4517-B140-3B74E03A956E}"
EndProject
Project("{FAE04EC0-301F-11D3-BF4B-00C04F79EFBC}") = "Glowee.Identity", "Glowee.Identity\Glowee.Identity.csproj", "{1FD715BB-438B-4CE4-9EDC-64957563F9AF}"
EndProject
Global
	GlobalSection(SolutionConfigurationPlatforms) = preSolution
		Debug|Any CPU = Debug|Any CPU
		Release|Any CPU = Release|Any CPU
	EndGlobalSection
	GlobalSection(ProjectConfigurationPlatforms) = postSolution
		{27CF80CF-52BC-4D8C-A053-747BD8CD3FC2}.Debug|Any CPU.ActiveCfg = Debug|Any CPU
		{27CF80CF-52BC-4D8C-A053-747BD8CD3FC2}.Debug|Any CPU.Build.0 = Debug|Any CPU
		{27CF80CF-52BC-4D8C-A053-747BD8CD3FC2}.Release|Any CPU.ActiveCfg = Release|Any CPU
		{27CF80CF-52BC-4D8C-A053-747BD8CD3FC2}.Release|Any CPU.Build.0 = Release|Any CPU
		{BA4ACA7B-0FC8-4B0E-8E09-6FE40E265C51}.Debug|Any CPU.ActiveCfg = Debug|Any CPU
		{BA4ACA7B-0FC8-4B0E-8E09-6FE40E265C51}.Debug|Any CPU.Build.0 = Debug|Any CPU
		{BA4ACA7B-0FC8-4B0E-8E09-6FE40E265C51}.Release|Any CPU.ActiveCfg = Release|Any CPU
		{BA4ACA7B-0FC8-4B0E-8E09-6FE40E265C51}.Release|Any CPU.Build.0 = Release|Any CPU
		{48E1ED5C-590B-422E-9C2F-B572F7E658AA}.Debug|Any CPU.ActiveCfg = Debug|Any CPU
		{48E1ED5C-590B-422E-9C2F-B572F7E658AA}.Debug|Any CPU.Build.0 = Debug|Any CPU
		{48E1ED5C-590B-422E-9C2F-B572F7E658AA}.Release|Any CPU.ActiveCfg = Release|Any CPU
		{48E1ED5C-590B-422E-9C2F-B572F7E658AA}.Release|Any CPU.Build.0 = Release|Any CPU
		{5BCF4B29-B74E-466C-941C-36FC13FA535D}.Debug|Any CPU.ActiveCfg = Debug|Any CPU
		{5BCF4B29-B74E-466C-941C-36FC13FA535D}.Debug|Any CPU.Build.0 = Debug|Any CPU
		{5BCF4B29-B74E-466C-941C-36FC13FA535D}.Release|Any CPU.ActiveCfg = Release|Any CPU
		{5BCF4B29-B74E-466C-941C-36FC13FA535D}.Release|Any CPU.Build.0 = Release|Any CPU
		{F4C8BCAF-4466-4517-B140-3B74E03A956E}.Debug|Any CPU.ActiveCfg = Debug|Any CPU
		{F4C8BCAF-4466-4517-B140-3B74E03A956E}.Debug|Any CPU.Build.0 = Debug|Any CPU
		{F4C8BCAF-4466-4517-B140-3B74E03A956E}.Release|Any CPU.ActiveCfg = Release|Any CPU
		{F4C8BCAF-4466-4517-B140-3B74E03A956E}.Release|Any CPU.Build.0 = Release|Any CPU
		{1FD715BB-438B-4CE4-9EDC-64957563F9AF}.Debug|Any CPU.ActiveCfg = Debug|Any CPU
		{1FD715BB-438B-4CE4-9EDC-64957563F9AF}.Debug|Any CPU.Build.0 = Debug|Any CPU
		{1FD715BB-438B-4CE4-9EDC-64957563F9AF}.Release|Any CPU.ActiveCfg = Release|Any CPU
		{1FD715BB-438B-4CE4-9EDC-64957563F9AF}.Release|Any CPU.Build.0 = Release|Any CPU
	EndGlobalSection
	GlobalSection(SolutionProperties) = preSolution
		HideSolutionNode = FALSE
	EndGlobalSection
	GlobalSection(NestedProjects) = preSolution
		{688E8AA2-A970-457F-91D7-78E81F79D936} = {02EA681E-C7D8-13C7-8484-4AC65E1B71E8}
		{A7FC9A09-C933-4E22-A310-60FEFB16D24D} = {02EA681E-C7D8-13C7-8484-4AC65E1B71E8}
		{A6B4F778-F1FD-4F62-A794-F658CE074D40} = {02EA681E-C7D8-13C7-8484-4AC65E1B71E8}
		{27CF80CF-52BC-4D8C-A053-747BD8CD3FC2} = {688E8AA2-A970-457F-91D7-78E81F79D936}
		{BA4ACA7B-0FC8-4B0E-8E09-6FE40E265C51} = {688E8AA2-A970-457F-91D7-78E81F79D936}
		{48E1ED5C-590B-422E-9C2F-B572F7E658AA} = {A7FC9A09-C933-4E22-A310-60FEFB16D24D}
		{5BCF4B29-B74E-466C-941C-36FC13FA535D} = {A7FC9A09-C933-4E22-A310-60FEFB16D24D}
		{F4C8BCAF-4466-4517-B140-3B74E03A956E} = {A6B4F778-F1FD-4F62-A794-F658CE074D40}
		{1FD715BB-438B-4CE4-9EDC-64957563F9AF} = {A7FC9A09-C933-4E22-A310-60FEFB16D24D}
	EndGlobalSection
	GlobalSection(ExtensibilityGlobals) = postSolution
		SolutionGuid = {1323CADD-07BC-4030-812A-3C35A690D1F3}
	EndGlobalSection
EndGlobal
